<Solution>
  <Project Path="Project01_AdonetCustomer/Project01_AdonetCustomer.csproj" Id="2a2a522b-8c02-4395-bca0-be3ccc3da129" />
  <Project Path="Project02_EntityFrameworkDbFirstProduct/Project02_EntityFrameworkDbFirstProduct.csproj" Id="ae51878e-f3fd-4775-ad0f-57ca98e5e72e" />
  <Project Path="Project03_EntityFrameworkStatistics/Project03_EntityFrameworkStatistics.csproj" Id="7ad00af7-d3fc-4376-8d92-315dc6382b54" />
  <Project Path="Project04_EntityFrameworkCodeFirstMovie/Project04_EntityFrameworkCodeFirstMovie.csproj" Id="59bb942f-f3e5-4546-8596-8dacf2bca4bc" />
  <Project Path="Project05_DapperNorthwind/Project05_DapperNorthwind.csproj" Id="38e37204-e42f-44b5-b0dc-9a6629bf908e" />
  <Project Path="Project06_ApiWeather/Project06_ApiWeather.csproj" Id="a318c62a-b4ac-4c82-bfe8-012145d711d6" />
  <Project Path="Project07_ApiProjectConsume/Project07_ApiProjectConsume.csproj" Id="29d4ceeb-dcfb-4e1f-8b04-ff1460ecdc29" />
  <Project Path="Project08_RapidApiCurrency/Project08_RapidApiCurrency.csproj" Id="c88db617-0de7-4269-914e-547b23d1a813" />
  <Project Path="Project09_MongoDbOrder/Project09_MongoDbOrder.csproj" Id="d55d4b6e-73f9-49b8-878c-72b935653990" />
  <Project Path="Project10_PostgreSQLToDoListApp/Project10_PostgreSQLToDoListApp.csproj" Id="b9a6e55b-3086-4c8a-b67c-1aeef4cd4fc6" />
  <Project Path="Project11_TriggerOrderStock/Project11_TriggerOrderStock.csproj" Id="340103db-1c40-444d-b377-ea213716ebd1" />
  <Project Path="Project12_JwtToken/Project12_JwtToken.csproj" Id="3f0c83e5-3016-47d1-9a82-cf82a5a90c62" />
</Solution>
